
Microsoft Visual Studio Solution File, Format Version 12.00
# Visual Studio 15
VisualStudioVersion = 15.0.26730.16
MinimumVisualStudioVersion = 10.0.40219.1
Project("{FAE04EC0-301F-11D3-BF4B-00C04F79EFBC}") = "PathFinder", "PathFinder\PathFinder.csproj", "{17567907-108D-433A-BC8B-5669E3E3B684}"
EndProject
Global
	GlobalSection(SolutionConfigurationPlatforms) = preSolution
		Debug|Any CPU = Debug|Any CPU
		Release|Any CPU = Release|Any CPU
	EndGlobalSection
	GlobalSection(ProjectConfigurationPlatforms) = postSolution
		{17567907-108D-433A-BC8B-5669E3E3B684}.Debug|Any CPU.ActiveCfg = Debug|Any CPU
		{17567907-108D-433A-BC8B-5669E3E3B684}.Debug|Any CPU.Build.0 = Debug|Any CPU
		{17567907-108D-433A-BC8B-5669E3E3B684}.Release|Any CPU.ActiveCfg = Release|Any CPU
		{17567907-108D-433A-BC8B-5669E3E3B684}.Release|Any CPU.Build.0 = Release|Any CPU
	EndGlobalSection
	GlobalSection(SolutionProperties) = preSolution
		HideSolutionNode = FALSE
	EndGlobalSection
	GlobalSection(ExtensibilityGlobals) = postSolution
		SolutionGuid = {6C5B0EAE-DB6C-439C-AD85-4C3F84B4DC5C}
	EndGlobalSection
EndGlobal
